
Microsoft Visual Studio Solution File, Format Version 12.00
# Visual Studio Version 17
VisualStudioVersion = 17.4.33213.308
MinimumVisualStudioVersion = 10.0.40219.1
Project("{FAE04EC0-301F-11D3-BF4B-00C04F79EFBC}") = "DapperClean.Core", "DapperClean.Core\DapperClean.Core.csproj", "{E295B25B-4D94-4128-9D68-56B4D1CD46F0}"
EndProject
Project("{FAE04EC0-301F-11D3-BF4B-00C04F79EFBC}") = "DapperClean.Application", "DapperClean.Application\DapperClean.Application.csproj", "{BFA026D4-623B-4E40-9289-467764FA1E5B}"
EndProject
Project("{FAE04EC0-301F-11D3-BF4B-00C04F79EFBC}") = "DapperClean.Sql", "DapperClean.Sql\DapperClean.Sql.csproj", "{55A2AFC3-561E-4593-9ECF-B9FD7AAC4AC3}"
EndProject
Project("{FAE04EC0-301F-11D3-BF4B-00C04F79EFBC}") = "DapperClean.Infrastructure", "DapperClean.Infrastructure\DapperClean.Infrastructure.csproj", "{E61D6D0E-C3B6-4251-A404-6D8CBAC4B84D}"
EndProject
Project("{FAE04EC0-301F-11D3-BF4B-00C04F79EFBC}") = "DapperClean.Api", "DapperClean.Api\DapperClean.Api.csproj", "{6E367640-335E-4522-BC23-8A592B062002}"
EndProject
Global
	GlobalSection(SolutionConfigurationPlatforms) = preSolution
		Debug|Any CPU = Debug|Any CPU
		Release|Any CPU = Release|Any CPU
	EndGlobalSection
	GlobalSection(ProjectConfigurationPlatforms) = postSolution
		{E295B25B-4D94-4128-9D68-56B4D1CD46F0}.Debug|Any CPU.ActiveCfg = Debug|Any CPU
		{E295B25B-4D94-4128-9D68-56B4D1CD46F0}.Debug|Any CPU.Build.0 = Debug|Any CPU
		{E295B25B-4D94-4128-9D68-56B4D1CD46F0}.Release|Any CPU.ActiveCfg = Release|Any CPU
		{E295B25B-4D94-4128-9D68-56B4D1CD46F0}.Release|Any CPU.Build.0 = Release|Any CPU
		{BFA026D4-623B-4E40-9289-467764FA1E5B}.Debug|Any CPU.ActiveCfg = Debug|Any CPU
		{BFA026D4-623B-4E40-9289-467764FA1E5B}.Debug|Any CPU.Build.0 = Debug|Any CPU
		{BFA026D4-623B-4E40-9289-467764FA1E5B}.Release|Any CPU.ActiveCfg = Release|Any CPU
		{BFA026D4-623B-4E40-9289-467764FA1E5B}.Release|Any CPU.Build.0 = Release|Any CPU
		{55A2AFC3-561E-4593-9ECF-B9FD7AAC4AC3}.Debug|Any CPU.ActiveCfg = Debug|Any CPU
		{55A2AFC3-561E-4593-9ECF-B9FD7AAC4AC3}.Debug|Any CPU.Build.0 = Debug|Any CPU
		{55A2AFC3-561E-4593-9ECF-B9FD7AAC4AC3}.Release|Any CPU.ActiveCfg = Release|Any CPU
		{55A2AFC3-561E-4593-9ECF-B9FD7AAC4AC3}.Release|Any CPU.Build.0 = Release|Any CPU
		{E61D6D0E-C3B6-4251-A404-6D8CBAC4B84D}.Debug|Any CPU.ActiveCfg = Debug|Any CPU
		{E61D6D0E-C3B6-4251-A404-6D8CBAC4B84D}.Debug|Any CPU.Build.0 = Debug|Any CPU
		{E61D6D0E-C3B6-4251-A404-6D8CBAC4B84D}.Release|Any CPU.ActiveCfg = Release|Any CPU
		{E61D6D0E-C3B6-4251-A404-6D8CBAC4B84D}.Release|Any CPU.Build.0 = Release|Any CPU
		{6E367640-335E-4522-BC23-8A592B062002}.Debug|Any CPU.ActiveCfg = Debug|Any CPU
		{6E367640-335E-4522-BC23-8A592B062002}.Debug|Any CPU.Build.0 = Debug|Any CPU
		{6E367640-335E-4522-BC23-8A592B062002}.Release|Any CPU.ActiveCfg = Release|Any CPU
		{6E367640-335E-4522-BC23-8A592B062002}.Release|Any CPU.Build.0 = Release|Any CPU
	EndGlobalSection
	GlobalSection(SolutionProperties) = preSolution
		HideSolutionNode = FALSE
	EndGlobalSection
	GlobalSection(ExtensibilityGlobals) = postSolution
		SolutionGuid = {10BA1592-9D53-4B90-8C35-82775925F250}
	EndGlobalSection
EndGlobal
